
Microsoft Visual Studio Solution File, Format Version 12.00
# Visual Studio Version 17
VisualStudioVersion = 17.8.34330.188
MinimumVisualStudioVersion = 10.0.40219.1
Project("{FAE04EC0-301F-11D3-BF4B-00C04F79EFBC}") = "Spotifly", "Spotifly\Spotifly.csproj", "{18F20FB4-E924-407C-898F-BED005369DFC}"
EndProject
Global
	GlobalSection(SolutionConfigurationPlatforms) = preSolution
		Debug|Any CPU = Debug|Any CPU
		Release|Any CPU = Release|Any CPU
	EndGlobalSection
	GlobalSection(ProjectConfigurationPlatforms) = postSolution
		{18F20FB4-E924-407C-898F-BED005369DFC}.Debug|Any CPU.ActiveCfg = Debug|Any CPU
		{18F20FB4-E924-407C-898F-BED005369DFC}.Debug|Any CPU.Build.0 = Debug|Any CPU
		{18F20FB4-E924-407C-898F-BED005369DFC}.Release|Any CPU.ActiveCfg = Release|Any CPU
		{18F20FB4-E924-407C-898F-BED005369DFC}.Release|Any CPU.Build.0 = Release|Any CPU
	EndGlobalSection
	GlobalSection(SolutionProperties) = preSolution
		HideSolutionNode = FALSE
	EndGlobalSection
	GlobalSection(ExtensibilityGlobals) = postSolution
		SolutionGuid = {643C2E89-9D10-44C5-979D-1AEC7C8A7FF7}
	EndGlobalSection
EndGlobal
